
Microsoft Visual Studio Solution File, Format Version 12.00
# Visual Studio Version 17
VisualStudioVersion = 17.8.34601.278
MinimumVisualStudioVersion = 10.0.40219.1
Project("{9A19103F-16F7-4668-BE54-9A1E7A4F7556}") = "G6.Api", "G6.Api\G6.Api.csproj", "{6F61EBF8-037B-4B3F-8CBC-C10A977F4B6C}"
	ProjectSection(ProjectDependencies) = postProject
		{34F1B513-6938-429E-A90E-95BE1B0276F3} = {34F1B513-6938-429E-A90E-95BE1B0276F3}
	EndProjectSection
EndProject
Project("{9A19103F-16F7-4668-BE54-9A1E7A4F7556}") = "G6.Application", "G6.Application\G6.Application.csproj", "{98ADE942-1137-4B78-AE69-42402DE6E742}"
EndProject
Project("{9A19103F-16F7-4668-BE54-9A1E7A4F7556}") = "G6.Domain", "G6.Domain\G6.Domain.csproj", "{71C1F72B-F521-4843-B3D1-58A08F888A32}"
EndProject
Project("{9A19103F-16F7-4668-BE54-9A1E7A4F7556}") = "G6.Persistence", "G6.Persistence\G6.Persistence.csproj", "{34F1B513-6938-429E-A90E-95BE1B0276F3}"
EndProject
Global
	GlobalSection(SolutionConfigurationPlatforms) = preSolution
		Debug|Any CPU = Debug|Any CPU
		Release|Any CPU = Release|Any CPU
	EndGlobalSection
	GlobalSection(ProjectConfigurationPlatforms) = postSolution
		{6F61EBF8-037B-4B3F-8CBC-C10A977F4B6C}.Debug|Any CPU.ActiveCfg = Debug|Any CPU
		{6F61EBF8-037B-4B3F-8CBC-C10A977F4B6C}.Debug|Any CPU.Build.0 = Debug|Any CPU
		{6F61EBF8-037B-4B3F-8CBC-C10A977F4B6C}.Release|Any CPU.ActiveCfg = Release|Any CPU
		{6F61EBF8-037B-4B3F-8CBC-C10A977F4B6C}.Release|Any CPU.Build.0 = Release|Any CPU
		{98ADE942-1137-4B78-AE69-42402DE6E742}.Debug|Any CPU.ActiveCfg = Debug|Any CPU
		{98ADE942-1137-4B78-AE69-42402DE6E742}.Debug|Any CPU.Build.0 = Debug|Any CPU
		{98ADE942-1137-4B78-AE69-42402DE6E742}.Release|Any CPU.ActiveCfg = Release|Any CPU
		{98ADE942-1137-4B78-AE69-42402DE6E742}.Release|Any CPU.Build.0 = Release|Any CPU
		{71C1F72B-F521-4843-B3D1-58A08F888A32}.Debug|Any CPU.ActiveCfg = Debug|Any CPU
		{71C1F72B-F521-4843-B3D1-58A08F888A32}.Debug|Any CPU.Build.0 = Debug|Any CPU
		{71C1F72B-F521-4843-B3D1-58A08F888A32}.Release|Any CPU.ActiveCfg = Release|Any CPU
		{71C1F72B-F521-4843-B3D1-58A08F888A32}.Release|Any CPU.Build.0 = Release|Any CPU
		{34F1B513-6938-429E-A90E-95BE1B0276F3}.Debug|Any CPU.ActiveCfg = Debug|Any CPU
		{34F1B513-6938-429E-A90E-95BE1B0276F3}.Debug|Any CPU.Build.0 = Debug|Any CPU
		{34F1B513-6938-429E-A90E-95BE1B0276F3}.Release|Any CPU.ActiveCfg = Release|Any CPU
		{34F1B513-6938-429E-A90E-95BE1B0276F3}.Release|Any CPU.Build.0 = Release|Any CPU
	EndGlobalSection
	GlobalSection(SolutionProperties) = preSolution
		HideSolutionNode = FALSE
	EndGlobalSection
	GlobalSection(ExtensibilityGlobals) = postSolution
		SolutionGuid = {8420FD50-B2D4-44C0-B30C-DEAC43D1615C}
	EndGlobalSection
EndGlobal
